
Microsoft Visual Studio Solution File, Format Version 12.00
# Visual Studio Version 17
VisualStudioVersion = 17.1.32407.343
MinimumVisualStudioVersion = 10.0.40219.1
Project("{FAE04EC0-301F-11D3-BF4B-00C04F79EFBC}") = "CshCalculatorUIAPI", "..\CshCalculatorUIAPI\CshCalculatorUIAPI.csproj", "{5F60B826-2C6C-4BDE-ABB6-FB3C97AF77B8}"
EndProject
Project("{FAE04EC0-301F-11D3-BF4B-00C04F79EFBC}") = "CshUserCalcualtorUI", "..\CshUserApplication\CshUserCalcualtorUI.csproj", "{D9937B6D-6BBE-4DED-94E8-8805B7A4C9D5}"
EndProject
Project("{FAE04EC0-301F-11D3-BF4B-00C04F79EFBC}") = "CShCalcualtorLib", "..\CShCalculatorLib\CShCalcualtorLib.csproj", "{1B69216B-0F6A-4A4D-BAAA-71D0F85B2044}"
EndProject
Project("{FAE04EC0-301F-11D3-BF4B-00C04F79EFBC}") = "CShCalculatorCtrl", "..\CShCalculatorUiCtrl\CShCalculatorCtrl.csproj", "{28CB1B92-E70E-431E-9E73-A4D7F12C2EB2}"
EndProject
Project("{2150E333-8FDC-42A3-9474-1A3956D46DE8}") = "CalculatorLibs", "CalculatorLibs", "{9C74933C-ADCA-49AF-8F86-154DA7D6937B}"
EndProject
Project("{2150E333-8FDC-42A3-9474-1A3956D46DE8}") = "GuiControls", "GuiControls", "{41AF26EE-7C8F-4C3C-8D79-E00B764F29C8}"
EndProject
Project("{2150E333-8FDC-42A3-9474-1A3956D46DE8}") = "UserApplication", "UserApplication", "{58309EE4-E2E1-4533-A163-37020FBAB0DA}"
EndProject
Project("{2150E333-8FDC-42A3-9474-1A3956D46DE8}") = "UserApplicationTest", "UserApplicationTest", "{C2755EF4-84AA-4A7B-9ABA-1AAC25014CB4}"
EndProject
Project("{FAE04EC0-301F-11D3-BF4B-00C04F79EFBC}") = "CShCalcualtorLibTest", "..\CShCalcualtorLibTest\CShCalcualtorLibTest.csproj", "{218DA32A-C653-40EE-AFB8-D7414D6ADCC0}"
EndProject
Project("{FAE04EC0-301F-11D3-BF4B-00C04F79EFBC}") = "CshCalculatorUIAPITest", "..\CshCalculatorUIAPITest\CshCalculatorUIAPITest.csproj", "{43723E42-EED6-4088-ACC9-B7B9F02CA3D3}"
EndProject
Global
	GlobalSection(SolutionConfigurationPlatforms) = preSolution
		Debug|Any CPU = Debug|Any CPU
		Debug|x64 = Debug|x64
		Debug|x86 = Debug|x86
		Release|Any CPU = Release|Any CPU
		Release|x64 = Release|x64
		Release|x86 = Release|x86
	EndGlobalSection
	GlobalSection(ProjectConfigurationPlatforms) = postSolution
		{5F60B826-2C6C-4BDE-ABB6-FB3C97AF77B8}.Debug|Any CPU.ActiveCfg = Debug|Any CPU
		{5F60B826-2C6C-4BDE-ABB6-FB3C97AF77B8}.Debug|Any CPU.Build.0 = Debug|Any CPU
		{5F60B826-2C6C-4BDE-ABB6-FB3C97AF77B8}.Debug|x64.ActiveCfg = Debug|Any CPU
		{5F60B826-2C6C-4BDE-ABB6-FB3C97AF77B8}.Debug|x64.Build.0 = Debug|Any CPU
		{5F60B826-2C6C-4BDE-ABB6-FB3C97AF77B8}.Debug|x86.ActiveCfg = Debug|Any CPU
		{5F60B826-2C6C-4BDE-ABB6-FB3C97AF77B8}.Debug|x86.Build.0 = Debug|Any CPU
		{5F60B826-2C6C-4BDE-ABB6-FB3C97AF77B8}.Release|Any CPU.ActiveCfg = Release|Any CPU
		{5F60B826-2C6C-4BDE-ABB6-FB3C97AF77B8}.Release|Any CPU.Build.0 = Release|Any CPU
		{5F60B826-2C6C-4BDE-ABB6-FB3C97AF77B8}.Release|x64.ActiveCfg = Release|Any CPU
		{5F60B826-2C6C-4BDE-ABB6-FB3C97AF77B8}.Release|x64.Build.0 = Release|Any CPU
		{5F60B826-2C6C-4BDE-ABB6-FB3C97AF77B8}.Release|x86.ActiveCfg = Release|Any CPU
		{5F60B826-2C6C-4BDE-ABB6-FB3C97AF77B8}.Release|x86.Build.0 = Release|Any CPU
		{D9937B6D-6BBE-4DED-94E8-8805B7A4C9D5}.Debug|Any CPU.ActiveCfg = Debug|Any CPU
		{D9937B6D-6BBE-4DED-94E8-8805B7A4C9D5}.Debug|Any CPU.Build.0 = Debug|Any CPU
		{D9937B6D-6BBE-4DED-94E8-8805B7A4C9D5}.Debug|x64.ActiveCfg = Debug|Any CPU
		{D9937B6D-6BBE-4DED-94E8-8805B7A4C9D5}.Debug|x64.Build.0 = Debug|Any CPU
		{D9937B6D-6BBE-4DED-94E8-8805B7A4C9D5}.Debug|x86.ActiveCfg = Debug|Any CPU
		{D9937B6D-6BBE-4DED-94E8-8805B7A4C9D5}.Debug|x86.Build.0 = Debug|Any CPU
		{D9937B6D-6BBE-4DED-94E8-8805B7A4C9D5}.Release|Any CPU.ActiveCfg = Release|Any CPU
		{D9937B6D-6BBE-4DED-94E8-8805B7A4C9D5}.Release|Any CPU.Build.0 = Release|Any CPU
		{D9937B6D-6BBE-4DED-94E8-8805B7A4C9D5}.Release|x64.ActiveCfg = Release|Any CPU
		{D9937B6D-6BBE-4DED-94E8-8805B7A4C9D5}.Release|x64.Build.0 = Release|Any CPU
		{D9937B6D-6BBE-4DED-94E8-8805B7A4C9D5}.Release|x86.ActiveCfg = Release|Any CPU
		{D9937B6D-6BBE-4DED-94E8-8805B7A4C9D5}.Release|x86.Build.0 = Release|Any CPU
		{1B69216B-0F6A-4A4D-BAAA-71D0F85B2044}.Debug|Any CPU.ActiveCfg = Debug|Any CPU
		{1B69216B-0F6A-4A4D-BAAA-71D0F85B2044}.Debug|Any CPU.Build.0 = Debug|Any CPU
		{1B69216B-0F6A-4A4D-BAAA-71D0F85B2044}.Debug|x64.ActiveCfg = Debug|Any CPU
		{1B69216B-0F6A-4A4D-BAAA-71D0F85B2044}.Debug|x64.Build.0 = Debug|Any CPU
		{1B69216B-0F6A-4A4D-BAAA-71D0F85B2044}.Debug|x86.ActiveCfg = Debug|Any CPU
		{1B69216B-0F6A-4A4D-BAAA-71D0F85B2044}.Debug|x86.Build.0 = Debug|Any CPU
		{1B69216B-0F6A-4A4D-BAAA-71D0F85B2044}.Release|Any CPU.ActiveCfg = Release|Any CPU
		{1B69216B-0F6A-4A4D-BAAA-71D0F85B2044}.Release|Any CPU.Build.0 = Release|Any CPU
		{1B69216B-0F6A-4A4D-BAAA-71D0F85B2044}.Release|x64.ActiveCfg = Release|Any CPU
		{1B69216B-0F6A-4A4D-BAAA-71D0F85B2044}.Release|x64.Build.0 = Release|Any CPU
		{1B69216B-0F6A-4A4D-BAAA-71D0F85B2044}.Release|x86.ActiveCfg = Release|Any CPU
		{1B69216B-0F6A-4A4D-BAAA-71D0F85B2044}.Release|x86.Build.0 = Release|Any CPU
		{28CB1B92-E70E-431E-9E73-A4D7F12C2EB2}.Debug|Any CPU.ActiveCfg = Debug|Any CPU
		{28CB1B92-E70E-431E-9E73-A4D7F12C2EB2}.Debug|Any CPU.Build.0 = Debug|Any CPU
		{28CB1B92-E70E-431E-9E73-A4D7F12C2EB2}.Debug|x64.ActiveCfg = Debug|Any CPU
		{28CB1B92-E70E-431E-9E73-A4D7F12C2EB2}.Debug|x64.Build.0 = Debug|Any CPU
		{28CB1B92-E70E-431E-9E73-A4D7F12C2EB2}.Debug|x86.ActiveCfg = Debug|Any CPU
		{28CB1B92-E70E-431E-9E73-A4D7F12C2EB2}.Debug|x86.Build.0 = Debug|Any CPU
		{28CB1B92-E70E-431E-9E73-A4D7F12C2EB2}.Release|Any CPU.ActiveCfg = Release|Any CPU
		{28CB1B92-E70E-431E-9E73-A4D7F12C2EB2}.Release|Any CPU.Build.0 = Release|Any CPU
		{28CB1B92-E70E-431E-9E73-A4D7F12C2EB2}.Release|x64.ActiveCfg = Release|Any CPU
		{28CB1B92-E70E-431E-9E73-A4D7F12C2EB2}.Release|x64.Build.0 = Release|Any CPU
		{28CB1B92-E70E-431E-9E73-A4D7F12C2EB2}.Release|x86.ActiveCfg = Release|Any CPU
		{28CB1B92-E70E-431E-9E73-A4D7F12C2EB2}.Release|x86.Build.0 = Release|Any CPU
		{218DA32A-C653-40EE-AFB8-D7414D6ADCC0}.Debug|Any CPU.ActiveCfg = Debug|Any CPU
		{218DA32A-C653-40EE-AFB8-D7414D6ADCC0}.Debug|Any CPU.Build.0 = Debug|Any CPU
		{218DA32A-C653-40EE-AFB8-D7414D6ADCC0}.Debug|x64.ActiveCfg = Debug|Any CPU
		{218DA32A-C653-40EE-AFB8-D7414D6ADCC0}.Debug|x64.Build.0 = Debug|Any CPU
		{218DA32A-C653-40EE-AFB8-D7414D6ADCC0}.Debug|x86.ActiveCfg = Debug|Any CPU
		{218DA32A-C653-40EE-AFB8-D7414D6ADCC0}.Debug|x86.Build.0 = Debug|Any CPU
		{218DA32A-C653-40EE-AFB8-D7414D6ADCC0}.Release|Any CPU.ActiveCfg = Release|Any CPU
		{218DA32A-C653-40EE-AFB8-D7414D6ADCC0}.Release|Any CPU.Build.0 = Release|Any CPU
		{218DA32A-C653-40EE-AFB8-D7414D6ADCC0}.Release|x64.ActiveCfg = Release|Any CPU
		{218DA32A-C653-40EE-AFB8-D7414D6ADCC0}.Release|x64.Build.0 = Release|Any CPU
		{218DA32A-C653-40EE-AFB8-D7414D6ADCC0}.Release|x86.ActiveCfg = Release|Any CPU
		{218DA32A-C653-40EE-AFB8-D7414D6ADCC0}.Release|x86.Build.0 = Release|Any CPU
		{43723E42-EED6-4088-ACC9-B7B9F02CA3D3}.Debug|Any CPU.ActiveCfg = Debug|Any CPU
		{43723E42-EED6-4088-ACC9-B7B9F02CA3D3}.Debug|Any CPU.Build.0 = Debug|Any CPU
		{43723E42-EED6-4088-ACC9-B7B9F02CA3D3}.Debug|x64.ActiveCfg = Debug|Any CPU
		{43723E42-EED6-4088-ACC9-B7B9F02CA3D3}.Debug|x64.Build.0 = Debug|Any CPU
		{43723E42-EED6-4088-ACC9-B7B9F02CA3D3}.Debug|x86.ActiveCfg = Debug|Any CPU
		{43723E42-EED6-4088-ACC9-B7B9F02CA3D3}.Debug|x86.Build.0 = Debug|Any CPU
		{43723E42-EED6-4088-ACC9-B7B9F02CA3D3}.Release|Any CPU.ActiveCfg = Release|Any CPU
		{43723E42-EED6-4088-ACC9-B7B9F02CA3D3}.Release|Any CPU.Build.0 = Release|Any CPU
		{43723E42-EED6-4088-ACC9-B7B9F02CA3D3}.Release|x64.ActiveCfg = Release|Any CPU
		{43723E42-EED6-4088-ACC9-B7B9F02CA3D3}.Release|x64.Build.0 = Release|Any CPU
		{43723E42-EED6-4088-ACC9-B7B9F02CA3D3}.Release|x86.ActiveCfg = Release|Any CPU
		{43723E42-EED6-4088-ACC9-B7B9F02CA3D3}.Release|x86.Build.0 = Release|Any CPU
	EndGlobalSection
	GlobalSection(SolutionProperties) = preSolution
		HideSolutionNode = FALSE
	EndGlobalSection
	GlobalSection(NestedProjects) = preSolution
		{5F60B826-2C6C-4BDE-ABB6-FB3C97AF77B8} = {C2755EF4-84AA-4A7B-9ABA-1AAC25014CB4}
		{D9937B6D-6BBE-4DED-94E8-8805B7A4C9D5} = {58309EE4-E2E1-4533-A163-37020FBAB0DA}
		{1B69216B-0F6A-4A4D-BAAA-71D0F85B2044} = {9C74933C-ADCA-49AF-8F86-154DA7D6937B}
		{28CB1B92-E70E-431E-9E73-A4D7F12C2EB2} = {41AF26EE-7C8F-4C3C-8D79-E00B764F29C8}
		{218DA32A-C653-40EE-AFB8-D7414D6ADCC0} = {9C74933C-ADCA-49AF-8F86-154DA7D6937B}
		{43723E42-EED6-4088-ACC9-B7B9F02CA3D3} = {C2755EF4-84AA-4A7B-9ABA-1AAC25014CB4}
	EndGlobalSection
	GlobalSection(ExtensibilityGlobals) = postSolution
		SolutionGuid = {96FE02F2-667B-4434-B4C2-F24ECE82C30E}
	EndGlobalSection
EndGlobal
